// !$*UTF8*$!
{
	archiveVersion = 1;
	classes = {
	};
	objectVersion = 46;
	objects = {

/* Begin PBXBuildFile section */
		62EBEAA6CBDDF63C0AF75C11 /* libPods-EasyDataKit.a in Frameworks */ = {isa = PBXBuildFile; fileRef = ACD3EE2A992B332AB3D41061 /* libPods-EasyDataKit.a */; };
		B69F0B011DCB28A8006EDC34 /* EDKEntity.m in Sources */ = {isa = PBXBuildFile; fileRef = B69F0AFC1DCB28A8006EDC34 /* EDKEntity.m */; };
		B69F0B021DCB28A8006EDC34 /* EDKManager.m in Sources */ = {isa = PBXBuildFile; fileRef = B69F0AFE1DCB28A8006EDC34 /* EDKManager.m */; };
		B69F0B031DCB28A8006EDC34 /* EDKUtilities.m in Sources */ = {isa = PBXBuildFile; fileRef = B69F0B001DCB28A8006EDC34 /* EDKUtilities.m */; };
/* End PBXBuildFile section */

/* Begin PBXCopyFilesBuildPhase section */
		B69F0AED1DCB2892006EDC34 /* CopyFiles */ = {
			isa = PBXCopyFilesBuildPhase;
			buildActionMask = 2147483647;
			dstPath = "include/$(PRODUCT_NAME)";
			dstSubfolderSpec = 16;
			files = (
			);
			runOnlyForDeploymentPostprocessing = 0;
		};
/* End PBXCopyFilesBuildPhase section */

/* Begin PBXFileReference section */
		6FD4971A87D78D39AB3A9232 /* Pods-EasyDataKit.release.xcconfig */ = {isa = PBXFileReference; includeInIndex = 1; lastKnownFileType = text.xcconfig; name = "Pods-EasyDataKit.release.xcconfig"; path = "Pods/Target Support Files/Pods-EasyDataKit/Pods-EasyDataKit.release.xcconfig"; sourceTree = "<group>"; };
		ACD3EE2A992B332AB3D41061 /* libPods-EasyDataKit.a */ = {isa = PBXFileReference; explicitFileType = archive.ar; includeInIndex = 0; path = "libPods-EasyDataKit.a"; sourceTree = BUILT_PRODUCTS_DIR; };
		B69F0AEF1DCB2892006EDC34 /* libEasyDataKit.a */ = {isa = PBXFileReference; explicitFileType = archive.ar; includeInIndex = 0; path = libEasyDataKit.a; sourceTree = BUILT_PRODUCTS_DIR; };
		B69F0AFB1DCB28A8006EDC34 /* EDKEntity.h */ = {isa = PBXFileReference; fileEncoding = 4; lastKnownFileType = sourcecode.c.h; path = EDKEntity.h; sourceTree = "<group>"; };
		B69F0AFC1DCB28A8006EDC34 /* EDKEntity.m */ = {isa = PBXFileReference; fileEncoding = 4; lastKnownFileType = sourcecode.c.objc; path = EDKEntity.m; sourceTree = "<group>"; };
		B69F0AFD1DCB28A8006EDC34 /* EDKManager.h */ = {isa = PBXFileReference; fileEncoding = 4; lastKnownFileType = sourcecode.c.h; path = EDKManager.h; sourceTree = "<group>"; };
		B69F0AFE1DCB28A8006EDC34 /* EDKManager.m */ = {isa = PBXFileReference; fileEncoding = 4; lastKnownFileType = sourcecode.c.objc; path = EDKManager.m; sourceTree = "<group>"; };
		B69F0AFF1DCB28A8006EDC34 /* EDKUtilities.h */ = {isa = PBXFileReference; fileEncoding = 4; lastKnownFileType = sourcecode.c.h; path = EDKUtilities.h; sourceTree = "<group>"; };
		B69F0B001DCB28A8006EDC34 /* EDKUtilities.m */ = {isa = PBXFileReference; fileEncoding = 4; lastKnownFileType = sourcecode.c.objc; path = EDKUtilities.m; sourceTree = "<group>"; };
		D1449151FD6C6F84D59A6DDC /* Pods-EasyDataKit.debug.xcconfig */ = {isa = PBXFileReference; includeInIndex = 1; lastKnownFileType = text.xcconfig; name = "Pods-EasyDataKit.debug.xcconfig"; path = "Pods/Target Support Files/Pods-EasyDataKit/Pods-EasyDataKit.debug.xcconfig"; sourceTree = "<group>"; };
/* End PBXFileReference section */

/* Begin PBXFrameworksBuildPhase section */
		B69F0AEC1DCB2892006EDC34 /* Frameworks */ = {
			isa = PBXFrameworksBuildPhase;
			buildActionMask = 2147483647;
			files = (
				62EBEAA6CBDDF63C0AF75C11 /* libPods-EasyDataKit.a in Frameworks */,
			);
			runOnlyForDeploymentPostprocessing = 0;
		};
/* End PBXFrameworksBuildPhase section */

/* Begin PBXGroup section */
		070562E4BB2EAD71E56347AE /* Pods */ = {
			isa = PBXGroup;
			children = (
				D1449151FD6C6F84D59A6DDC /* Pods-EasyDataKit.debug.xcconfig */,
				6FD4971A87D78D39AB3A9232 /* Pods-EasyDataKit.release.xcconfig */,
			);
			name = Pods;
			sourceTree = "<group>";
		};
		A7A83449D7EB2EFF0ECA0E96 /* Frameworks */ = {
			isa = PBXGroup;
			children = (
				ACD3EE2A992B332AB3D41061 /* libPods-EasyDataKit.a */,
			);
			name = Frameworks;
			sourceTree = "<group>";
		};
		B69F0AE61DCB2892006EDC34 = {
			isa = PBXGroup;
			children = (
				B69F0AF11DCB2892006EDC34 /* EasyDataKit */,
				B69F0AF01DCB2892006EDC34 /* Products */,
				070562E4BB2EAD71E56347AE /* Pods */,
				A7A83449D7EB2EFF0ECA0E96 /* Frameworks */,
			);
			sourceTree = "<group>";
		};
		B69F0AF01DCB2892006EDC34 /* Products */ = {
			isa = PBXGroup;
			children = (
				B69F0AEF1DCB2892006EDC34 /* libEasyDataKit.a */,
			);
			name = Products;
			sourceTree = "<group>";
		};
		B69F0AF11DCB2892006EDC34 /* EasyDataKit */ = {
			isa = PBXGroup;
			children = (
				B69F0AFB1DCB28A8006EDC34 /* EDKEntity.h */,
				B69F0AFC1DCB28A8006EDC34 /* EDKEntity.m */,
				B69F0AFD1DCB28A8006EDC34 /* EDKManager.h */,
				B69F0AFE1DCB28A8006EDC34 /* EDKManager.m */,
				B69F0AFF1DCB28A8006EDC34 /* EDKUtilities.h */,
				B69F0B001DCB28A8006EDC34 /* EDKUtilities.m */,
			);
			path = EasyDataKit;
			sourceTree = "<group>";
		};
/* End PBXGroup section */

/* Begin PBXNativeTarget section */
		B69F0AEE1DCB2892006EDC34 /* EasyDataKit */ = {
			isa = PBXNativeTarget;
			buildConfigurationList = B69F0AF81DCB2892006EDC34 /* Build configuration list for PBXNativeTarget "EasyDataKit" */;
			buildPhases = (
				305272C7B6F5517CE87C7367 /* 📦 Check Pods Manifest.lock */,
				B69F0AEB1DCB2892006EDC34 /* Sources */,
				B69F0AEC1DCB2892006EDC34 /* Frameworks */,
				B69F0AED1DCB2892006EDC34 /* CopyFiles */,
				FB9760FB1D4802224FF1A12A /* 📦 Copy Pods Resources */,
			);
			buildRules = (
			);
			dependencies = (
			);
			name = EasyDataKit;
			productName = EasyDataKit;
			productReference = B69F0AEF1DCB2892006EDC34 /* libEasyDataKit.a */;
			productType = "com.apple.product-type.library.static";
		};
/* End PBXNativeTarget section */

/* Begin PBXProject section */
		B69F0AE71DCB2892006EDC34 /* Project object */ = {
			isa = PBXProject;
			attributes = {
				LastUpgradeCheck = 0810;
				ORGANIZATIONNAME = hawk;
				TargetAttributes = {
					B69F0AEE1DCB2892006EDC34 = {
						CreatedOnToolsVersion = 8.1;
						ProvisioningStyle = Automatic;
					};
				};
			};
			buildConfigurationList = B69F0AEA1DCB2892006EDC34 /* Build configuration list for PBXProject "EasyDataKit" */;
			compatibilityVersion = "Xcode 3.2";
			developmentRegion = English;
			hasScannedForEncodings = 0;
			knownRegions = (
				en,
			);
			mainGroup = B69F0AE61DCB2892006EDC34;
			productRefGroup = B69F0AF01DCB2892006EDC34 /* Products */;
			projectDirPath = "";
			projectRoot = "";
			targets = (
				B69F0AEE1DCB2892006EDC34 /* EasyDataKit */,
			);
		};
/* End PBXProject section */

/* Begin PBXShellScriptBuildPhase section */
		305272C7B6F5517CE87C7367 /* 📦 Check Pods Manifest.lock */ = {
			isa = PBXShellScriptBuildPhase;
			buildActionMask = 2147483647;
			files = (
			);
			inputPaths = (
			);
			name = "📦 Check Pods Manifest.lock";
			outputPaths = (
			);
			runOnlyForDeploymentPostprocessing = 0;
			shellPath = /bin/sh;
			shellScript = "diff \"${PODS_ROOT}/../Podfile.lock\" \"${PODS_ROOT}/Manifest.lock\" > /dev/null\nif [[ $? != 0 ]] ; then\n    cat << EOM\nerror: The sandbox is not in sync with the Podfile.lock. Run 'pod install' or update your CocoaPods installation.\nEOM\n    exit 1\nfi\n";
			showEnvVarsInLog = 0;
		};
		FB9760FB1D4802224FF1A12A /* 📦 Copy Pods Resources */ = {
			isa = PBXShellScriptBuildPhase;
			buildActionMask = 2147483647;
			files = (
			);
			inputPaths = (
			);
			name = "📦 Copy Pods Resources";
			outputPaths = (
			);
			runOnlyForDeploymentPostprocessing = 0;
			shellPath = /bin/sh;
			shellScript = "\"${SRCROOT}/Pods/Target Support Files/Pods-EasyDataKit/Pods-EasyDataKit-resources.sh\"\n";
			showEnvVarsInLog = 0;
		};
/* End PBXShellScriptBuildPhase section */

/* Begin PBXSourcesBuildPhase section */
		B69F0AEB1DCB2892006EDC34 /* Sources */ = {
			isa = PBXSourcesBuildPhase;
			buildActionMask = 2147483647;
			files = (
				B69F0B021DCB28A8006EDC34 /* EDKManager.m in Sources */,
				B69F0B011DCB28A8006EDC34 /* EDKEntity.m in Sources */,
				B69F0B031DCB28A8006EDC34 /* EDKUtilities.m in Sources */,
			);
			runOnlyForDeploymentPostprocessing = 0;
		};
/* End PBXSourcesBuildPhase section */

/* Begin XCBuildConfiguration section */
		B69F0AF61DCB2892006EDC34 /* Debug */ = {
			isa = XCBuildConfiguration;
			buildSettings = {
				ALWAYS_SEARCH_USER_PATHS = NO;
				CLANG_ANALYZER_NONNULL = YES;
				CLANG_CXX_LANGUAGE_STANDARD = "gnu++0x";
				CLANG_CXX_LIBRARY = "libc++";
				CLANG_ENABLE_MODULES = YES;
				CLANG_ENABLE_OBJC_ARC = YES;
				CLANG_WARN_BOOL_CONVERSION = YES;
				CLANG_WARN_CONSTANT_CONVERSION = YES;
				CLANG_WARN_DIRECT_OBJC_ISA_USAGE = YES_ERROR;
				CLANG_WARN_DOCUMENTATION_COMMENTS = YES;
				CLANG_WARN_EMPTY_BODY = YES;
				CLANG_WARN_ENUM_CONVERSION = YES;
				CLANG_WARN_INFINITE_RECURSION = YES;
				CLANG_WARN_INT_CONVERSION = YES;
				CLANG_WARN_OBJC_ROOT_CLASS = YES_ERROR;
				CLANG_WARN_SUSPICIOUS_MOVES = YES;
				CLANG_WARN_UNREACHABLE_CODE = YES;
				CLANG_WARN__DUPLICATE_METHOD_MATCH = YES;
				"CODE_SIGN_IDENTITY[sdk=iphoneos*]" = "iPhone Developer";
				COPY_PHASE_STRIP = NO;
				DEBUG_INFORMATION_FORMAT = dwarf;
				ENABLE_STRICT_OBJC_MSGSEND = YES;
				ENABLE_TESTABILITY = YES;
				GCC_C_LANGUAGE_STANDARD = gnu99;
				GCC_DYNAMIC_NO_PIC = NO;
				GCC_NO_COMMON_BLOCKS = YES;
				GCC_OPTIMIZATION_LEVEL = 0;
				GCC_PREPROCESSOR_DEFINITIONS = (
					"DEBUG=1",
					"$(inherited)",
				);
				GCC_WARN_64_TO_32_BIT_CONVERSION = YES;
				GCC_WARN_ABOUT_RETURN_TYPE = YES_ERROR;
				GCC_WARN_UNDECLARED_SELECTOR = YES;
				GCC_WARN_UNINITIALIZED_AUTOS = YES_AGGRESSIVE;
				GCC_WARN_UNUSED_FUNCTION = YES;
				GCC_WARN_UNUSED_VARIABLE = YES;
				IPHONEOS_DEPLOYMENT_TARGET = 10.1;
				MTL_ENABLE_DEBUG_INFO = YES;
				ONLY_ACTIVE_ARCH = YES;
				SDKROOT = iphoneos;
			};
			name = Debug;
		};
		B69F0AF71DCB2892006EDC34 /* Release */ = {
			isa = XCBuildConfiguration;
			buildSettings = {
				ALWAYS_SEARCH_USER_PATHS = NO;
				CLANG_ANALYZER_NONNULL = YES;
				CLANG_CXX_LANGUAGE_STANDARD = "gnu++0x";
				CLANG_CXX_LIBRARY = "libc++";
				CLANG_ENABLE_MODULES = YES;
				CLANG_ENABLE_OBJC_ARC = YES;
				CLANG_WARN_BOOL_CONVERSION = YES;
				CLANG_WARN_CONSTANT_CONVERSION = YES;
				CLANG_WARN_DIRECT_OBJC_ISA_USAGE = YES_ERROR;
				CLANG_WARN_DOCUMENTATION_COMMENTS = YES;
				CLANG_WARN_EMPTY_BODY = YES;
				CLANG_WARN_ENUM_CONVERSION = YES;
				CLANG_WARN_INFINITE_RECURSION = YES;
				CLANG_WARN_INT_CONVERSION = YES;
				CLANG_WARN_OBJC_ROOT_CLASS = YES_ERROR;
				CLANG_WARN_SUSPICIOUS_MOVES = YES;
				CLANG_WARN_UNREACHABLE_CODE = YES;
				CLANG_WARN__DUPLICATE_METHOD_MATCH = YES;
				"CODE_SIGN_IDENTITY[sdk=iphoneos*]" = "iPhone Developer";
				COPY_PHASE_STRIP = NO;
				DEBUG_INFORMATION_FORMAT = "dwarf-with-dsym";
				ENABLE_NS_ASSERTIONS = NO;
				ENABLE_STRICT_OBJC_MSGSEND = YES;
				GCC_C_LANGUAGE_STANDARD = gnu99;
				GCC_NO_COMMON_BLOCKS = YES;
				GCC_WARN_64_TO_32_BIT_CONVERSION = YES;
				GCC_WARN_ABOUT_RETURN_TYPE = YES_ERROR;
				GCC_WARN_UNDECLARED_SELECTOR = YES;
				GCC_WARN_UNINITIALIZED_AUTOS = YES_AGGRESSIVE;
				GCC_WARN_UNUSED_FUNCTION = YES;
				GCC_WARN_UNUSED_VARIABLE = YES;
				IPHONEOS_DEPLOYMENT_TARGET = 10.1;
				MTL_ENABLE_DEBUG_INFO = NO;
				SDKROOT = iphoneos;
				VALIDATE_PRODUCT = YES;
			};
			name = Release;
		};
		B69F0AF91DCB2892006EDC34 /* Debug */ = {
			isa = XCBuildConfiguration;
			baseConfigurationReference = D1449151FD6C6F84D59A6DDC /* Pods-EasyDataKit.debug.xcconfig */;
			buildSettings = {
				CLANG_ALLOW_NON_MODULAR_INCLUDES_IN_FRAMEWORK_MODULES = NO;
				DEFINES_MODULE = NO;
				OTHER_LDFLAGS = "-ObjC";
				PRODUCT_NAME = "$(TARGET_NAME)";
				SKIP_INSTALL = YES;
			};
			name = Debug;
		};
		B69F0AFA1DCB2892006EDC34 /* Release */ = {
			isa = XCBuildConfiguration;
			baseConfigurationReference = 6FD4971A87D78D39AB3A9232 /* Pods-EasyDataKit.release.xcconfig */;
			buildSettings = {
				CLANG_ALLOW_NON_MODULAR_INCLUDES_IN_FRAMEWORK_MODULES = NO;
				DEFINES_MODULE = NO;
				OTHER_LDFLAGS = "-ObjC";
				PRODUCT_NAME = "$(TARGET_NAME)";
				SKIP_INSTALL = YES;
			};
			name = Release;
		};
/* End XCBuildConfiguration section */

/* Begin XCConfigurationList section */
		B69F0AEA1DCB2892006EDC34 /* Build configuration list for PBXProject "EasyDataKit" */ = {
			isa = XCConfigurationList;
			buildConfigurations = (
				B69F0AF61DCB2892006EDC34 /* Debug */,
				B69F0AF71DCB2892006EDC34 /* Release */,
			);
			defaultConfigurationIsVisible = 0;
			defaultConfigurationName = Release;
		};
		B69F0AF81DCB2892006EDC34 /* Build configuration list for PBXNativeTarget "EasyDataKit" */ = {
			isa = XCConfigurationList;
			buildConfigurations = (
				B69F0AF91DCB2892006EDC34 /* Debug */,
				B69F0AFA1DCB2892006EDC34 /* Release */,
			);
			defaultConfigurationIsVisible = 0;
			defaultConfigurationName = Release;
		};
/* End XCConfigurationList section */
	};
	rootObject = B69F0AE71DCB2892006EDC34 /* Project object */;
}
